
Microsoft Visual Studio Solution File, Format Version 12.00
Project("{FAE04EC0-301F-11D3-BF4B-00C04F79EFBC}") = "RilisBot", "RilisBot\RilisBot.csproj", "{34922731-B603-4116-9BB7-3F2713FAD31A}"
EndProject
Global
	GlobalSection(SolutionConfigurationPlatforms) = preSolution
		Debug|Any CPU = Debug|Any CPU
		Release|Any CPU = Release|Any CPU
	EndGlobalSection
	GlobalSection(ProjectConfigurationPlatforms) = postSolution
		{34922731-B603-4116-9BB7-3F2713FAD31A}.Debug|Any CPU.ActiveCfg = Debug|Any CPU
		{34922731-B603-4116-9BB7-3F2713FAD31A}.Debug|Any CPU.Build.0 = Debug|Any CPU
		{34922731-B603-4116-9BB7-3F2713FAD31A}.Release|Any CPU.ActiveCfg = Release|Any CPU
		{34922731-B603-4116-9BB7-3F2713FAD31A}.Release|Any CPU.Build.0 = Release|Any CPU
	EndGlobalSection
EndGlobal
